
Microsoft Visual Studio Solution File, Format Version 12.00
# Visual Studio Version 16
VisualStudioVersion = 16.0.29709.97
MinimumVisualStudioVersion = 10.0.40219.1
Project("{9A19103F-16F7-4668-BE54-9A1E7A4F7556}") = "OrderAPI", "OrderAPI\OrderAPI.csproj", "{E93D2E69-7438-4BAE-95E0-181B898082CD}"
EndProject
Project("{9A19103F-16F7-4668-BE54-9A1E7A4F7556}") = "CustomerAPI", "CustomerAPI\CustomerAPI.csproj", "{7751302D-225A-4908-9DEB-5DE51D918980}"
EndProject
Project("{9A19103F-16F7-4668-BE54-9A1E7A4F7556}") = "Common", "Common\Common.csproj", "{67D982B8-9359-4022-A5F3-615342A699CE}"
EndProject
Global
	GlobalSection(SolutionConfigurationPlatforms) = preSolution
		Debug|Any CPU = Debug|Any CPU
		Release|Any CPU = Release|Any CPU
	EndGlobalSection
	GlobalSection(ProjectConfigurationPlatforms) = postSolution
		{E93D2E69-7438-4BAE-95E0-181B898082CD}.Debug|Any CPU.ActiveCfg = Debug|Any CPU
		{E93D2E69-7438-4BAE-95E0-181B898082CD}.Debug|Any CPU.Build.0 = Debug|Any CPU
		{E93D2E69-7438-4BAE-95E0-181B898082CD}.Release|Any CPU.ActiveCfg = Release|Any CPU
		{E93D2E69-7438-4BAE-95E0-181B898082CD}.Release|Any CPU.Build.0 = Release|Any CPU
		{7751302D-225A-4908-9DEB-5DE51D918980}.Debug|Any CPU.ActiveCfg = Debug|Any CPU
		{7751302D-225A-4908-9DEB-5DE51D918980}.Debug|Any CPU.Build.0 = Debug|Any CPU
		{7751302D-225A-4908-9DEB-5DE51D918980}.Release|Any CPU.ActiveCfg = Release|Any CPU
		{7751302D-225A-4908-9DEB-5DE51D918980}.Release|Any CPU.Build.0 = Release|Any CPU
		{67D982B8-9359-4022-A5F3-615342A699CE}.Debug|Any CPU.ActiveCfg = Debug|Any CPU
		{67D982B8-9359-4022-A5F3-615342A699CE}.Debug|Any CPU.Build.0 = Debug|Any CPU
		{67D982B8-9359-4022-A5F3-615342A699CE}.Release|Any CPU.ActiveCfg = Release|Any CPU
		{67D982B8-9359-4022-A5F3-615342A699CE}.Release|Any CPU.Build.0 = Release|Any CPU
	EndGlobalSection
	GlobalSection(SolutionProperties) = preSolution
		HideSolutionNode = FALSE
	EndGlobalSection
	GlobalSection(ExtensibilityGlobals) = postSolution
		SolutionGuid = {4AA7D145-8A4E-4B16-B794-2829664743A1}
	EndGlobalSection
EndGlobal
